
Microsoft Visual Studio Solution File, Format Version 12.00
# Visual Studio 14
VisualStudioVersion = 14.0.25123.0
MinimumVisualStudioVersion = 10.0.40219.1
Project("{FAE04EC0-301F-11D3-BF4B-00C04F79EFBC}") = "RealRider.Data", "RealRider.Data\RealRider.Data.csproj", "{3B7ABF09-3B50-4E09-B735-40CE8A5D89E0}"
EndProject
Project("{FAE04EC0-301F-11D3-BF4B-00C04F79EFBC}") = "RealRider.Core", "RealRider.Core\RealRider.Core.csproj", "{98E2DA00-F817-4019-B30A-999AEE810AA3}"
EndProject
Project("{FAE04EC0-301F-11D3-BF4B-00C04F79EFBC}") = "RealRider.Droid", "RealRider.Droid\RealRider.Droid.csproj", "{A827ED6C-3E8C-4EE5-B0D4-9A27AAB75F92}"
EndProject
Global
	GlobalSection(SolutionConfigurationPlatforms) = preSolution
		Debug|Any CPU = Debug|Any CPU
		Release|Any CPU = Release|Any CPU
	EndGlobalSection
	GlobalSection(ProjectConfigurationPlatforms) = postSolution
		{3B7ABF09-3B50-4E09-B735-40CE8A5D89E0}.Debug|Any CPU.ActiveCfg = Debug|Any CPU
		{3B7ABF09-3B50-4E09-B735-40CE8A5D89E0}.Debug|Any CPU.Build.0 = Debug|Any CPU
		{3B7ABF09-3B50-4E09-B735-40CE8A5D89E0}.Release|Any CPU.ActiveCfg = Release|Any CPU
		{3B7ABF09-3B50-4E09-B735-40CE8A5D89E0}.Release|Any CPU.Build.0 = Release|Any CPU
		{98E2DA00-F817-4019-B30A-999AEE810AA3}.Debug|Any CPU.ActiveCfg = Debug|Any CPU
		{98E2DA00-F817-4019-B30A-999AEE810AA3}.Debug|Any CPU.Build.0 = Debug|Any CPU
		{98E2DA00-F817-4019-B30A-999AEE810AA3}.Release|Any CPU.ActiveCfg = Release|Any CPU
		{98E2DA00-F817-4019-B30A-999AEE810AA3}.Release|Any CPU.Build.0 = Release|Any CPU
		{A827ED6C-3E8C-4EE5-B0D4-9A27AAB75F92}.Debug|Any CPU.ActiveCfg = Debug|Any CPU
		{A827ED6C-3E8C-4EE5-B0D4-9A27AAB75F92}.Debug|Any CPU.Build.0 = Debug|Any CPU
		{A827ED6C-3E8C-4EE5-B0D4-9A27AAB75F92}.Debug|Any CPU.Deploy.0 = Debug|Any CPU
		{A827ED6C-3E8C-4EE5-B0D4-9A27AAB75F92}.Release|Any CPU.ActiveCfg = Release|Any CPU
		{A827ED6C-3E8C-4EE5-B0D4-9A27AAB75F92}.Release|Any CPU.Build.0 = Release|Any CPU
		{A827ED6C-3E8C-4EE5-B0D4-9A27AAB75F92}.Release|Any CPU.Deploy.0 = Release|Any CPU
	EndGlobalSection
	GlobalSection(SolutionProperties) = preSolution
		HideSolutionNode = FALSE
	EndGlobalSection
EndGlobal
